
Microsoft Visual Studio Solution File, Format Version 12.00
# Visual Studio Version 17
VisualStudioVersion = 17.1.32210.238
MinimumVisualStudioVersion = 10.0.40219.1
Project("{F184B08F-C81C-45F6-A57F-5ABD9991F28F}") = "S218026867_P2022A_P11", "S218026867_P2022A_P11\S218026867_P2022A_P11.vbproj", "{C6FFFEA2-6D8D-4699-8EA2-A8EE101B3EE3}"
EndProject
Global
	GlobalSection(SolutionConfigurationPlatforms) = preSolution
		Debug|Any CPU = Debug|Any CPU
		Release|Any CPU = Release|Any CPU
	EndGlobalSection
	GlobalSection(ProjectConfigurationPlatforms) = postSolution
		{C6FFFEA2-6D8D-4699-8EA2-A8EE101B3EE3}.Debug|Any CPU.ActiveCfg = Debug|Any CPU
		{C6FFFEA2-6D8D-4699-8EA2-A8EE101B3EE3}.Debug|Any CPU.Build.0 = Debug|Any CPU
		{C6FFFEA2-6D8D-4699-8EA2-A8EE101B3EE3}.Release|Any CPU.ActiveCfg = Release|Any CPU
		{C6FFFEA2-6D8D-4699-8EA2-A8EE101B3EE3}.Release|Any CPU.Build.0 = Release|Any CPU
	EndGlobalSection
	GlobalSection(SolutionProperties) = preSolution
		HideSolutionNode = FALSE
	EndGlobalSection
	GlobalSection(ExtensibilityGlobals) = postSolution
		SolutionGuid = {B84C2DF3-FB42-47E0-9776-F01311814888}
	EndGlobalSection
EndGlobal
